
Microsoft Visual Studio Solution File, Format Version 12.00
Project("{FAE04EC0-301F-11D3-BF4B-00C04F79EFBC}") = "FunPayNet.Api", "src\FunPayNet.Api\FunPayNet.Api.csproj", "{9737F21E-4DA1-4D33-9755-EC49342805CD}"
EndProject
Global
	GlobalSection(SolutionConfigurationPlatforms) = preSolution
		Debug|Any CPU = Debug|Any CPU
		Release|Any CPU = Release|Any CPU
	EndGlobalSection
	GlobalSection(ProjectConfigurationPlatforms) = postSolution
		{9737F21E-4DA1-4D33-9755-EC49342805CD}.Debug|Any CPU.ActiveCfg = Debug|Any CPU
		{9737F21E-4DA1-4D33-9755-EC49342805CD}.Debug|Any CPU.Build.0 = Debug|Any CPU
		{9737F21E-4DA1-4D33-9755-EC49342805CD}.Release|Any CPU.ActiveCfg = Release|Any CPU
		{9737F21E-4DA1-4D33-9755-EC49342805CD}.Release|Any CPU.Build.0 = Release|Any CPU
	EndGlobalSection
EndGlobal
